{
  "name": "clientapppom",
  "version": "1.0.0",
  "lockfileVersion": 2,
  "requires": true,
  "packages": {
    "": {
      "name": "clientapppom",
      "version": "1.0.0",
      "license": "ISC",
      "devDependencies": {
        "@playwright/test": "^1.28.1",
        "@types/node": "^18.11.15",
        "allure-playwright": "^2.0.0-beta.21"
      }
    },
    "node_modules/@playwright/test": {
      "version": "1.28.1",
      "dev": true,
      "license": "Apache-2.0",
      "dependencies": {
        "@types/node": "*",
        "playwright-core": "1.28.1"
      },
      "bin": {
        "playwright": "cli.js"
      },
      "engines": {
        "node": ">=14"
      }
    },
    "node_modules/@types/node": {
      "version": "18.11.15",
      "dev": true,
      "license": "MIT"
    },
    "node_modules/allure-js-commons": {
      "version": "2.0.0-beta.21",
      "dev": true,
      "license": "Apache-2.0",
      "dependencies": {
        "mkdirp": "^1.0.4",
        "properties": "^1.2.1",
        "uuid": "^8.3.0"
      }
    },
    "node_modules/allure-playwright": {
      "version": "2.0.0-beta.21",
      "dev": true,
      "license": "Apache-2.0",
      "dependencies": {
        "allure-js-commons": "2.0.0-beta.21"
      }
    },
    "node_modules/mkdirp": {
      "version": "1.0.4",
      "dev": true,
      "license": "MIT",
      "bin": {
        "mkdirp": "bin/cmd.js"
      },
      "engines": {
        "node": ">=10"
      }
    },
    "node_modules/playwright-core": {
      "version": "1.28.1",
      "dev": true,
      "license": "Apache-2.0",
      "bin": {
        "playwright": "cli.js"
      },
      "engines": {
        "node": ">=14"
      }
    },
    "node_modules/properties": {
      "version": "1.2.1",
      "dev": true,
      "license": "MIT",
      "engines": {
        "node": ">=0.10"
      }
    },
    "node_modules/uuid": {
      "version": "8.3.2",
      "dev": true,
      "license": "MIT",
      "bin": {
        "uuid": "dist/bin/uuid"
      }
    }
  },
  "dependencies": {
    "@playwright/test": {
      "version": "1.28.1",
      "dev": true,
      "requires": {
        "@types/node": "*",
        "playwright-core": "1.28.1"
      }
    },
    "@types/node": {
      "version": "18.11.15",
      "dev": true
    },
    "allure-js-commons": {
      "version": "2.0.0-beta.21",
      "dev": true,
      "requires": {
        "mkdirp": "^1.0.4",
        "properties": "^1.2.1",
        "uuid": "^8.3.0"
      }
    },
    "allure-playwright": {
      "version": "2.0.0-beta.21",
      "dev": true,
      "requires": {
        "allure-js-commons": "2.0.0-beta.21"
      }
    },
    "mkdirp": {
      "version": "1.0.4",
      "dev": true
    },
    "playwright-core": {
      "version": "1.28.1",
      "dev": true
    },
    "properties": {
      "version": "1.2.1",
      "dev": true
    },
    "uuid": {
      "version": "8.3.2",
      "dev": true
    }
  }
}
